// !$*UTF8*$!
{
	archiveVersion = 1;
	classes = {
	};
	objectVersion = 55;
	objects = {

/* Begin PBXBuildFile section */
		8B40539028B6197800E6E776 /* AppDelegate.swift in Sources */ = {isa = PBXBuildFile; fileRef = 8B40538F28B6197800E6E776 /* AppDelegate.swift */; };
		8B40539228B6197800E6E776 /* SceneDelegate.swift in Sources */ = {isa = PBXBuildFile; fileRef = 8B40539128B6197800E6E776 /* SceneDelegate.swift */; };
		8B40539428B6197800E6E776 /* StartViewController.swift in Sources */ = {isa = PBXBuildFile; fileRef = 8B40539328B6197800E6E776 /* StartViewController.swift */; };
		8B40539928B6197A00E6E776 /* Assets.xcassets in Resources */ = {isa = PBXBuildFile; fileRef = 8B40539828B6197A00E6E776 /* Assets.xcassets */; };
		8B40539C28B6197A00E6E776 /* LaunchScreen.storyboard in Resources */ = {isa = PBXBuildFile; fileRef = 8B40539A28B6197A00E6E776 /* LaunchScreen.storyboard */; };
		8B4053A628B6245A00E6E776 /* PresentationViewController.swift in Sources */ = {isa = PBXBuildFile; fileRef = 8B4053A528B6245A00E6E776 /* PresentationViewController.swift */; };
		8B4053A828B630DB00E6E776 /* PhotoCollectionViewCell.swift in Sources */ = {isa = PBXBuildFile; fileRef = 8B4053A728B630DB00E6E776 /* PhotoCollectionViewCell.swift */; };
		8B4053AA28B631AB00E6E776 /* PhotoCollectionViewCellViewModel.swift in Sources */ = {isa = PBXBuildFile; fileRef = 8B4053A928B631AB00E6E776 /* PhotoCollectionViewCellViewModel.swift */; };
		8B4053AE28B6346D00E6E776 /* PresentationViewModel.swift in Sources */ = {isa = PBXBuildFile; fileRef = 8B4053AD28B6346D00E6E776 /* PresentationViewModel.swift */; };
		8B4053B028B635EF00E6E776 /* StartViewModel.swift in Sources */ = {isa = PBXBuildFile; fileRef = 8B4053AF28B635EF00E6E776 /* StartViewModel.swift */; };
		8B4053B428B6695800E6E776 /* ImageStorage.swift in Sources */ = {isa = PBXBuildFile; fileRef = 8B4053B328B6695800E6E776 /* ImageStorage.swift */; };
/* End PBXBuildFile section */

/* Begin PBXFileReference section */
		8B40538C28B6197800E6E776 /* photoFrame.app */ = {isa = PBXFileReference; explicitFileType = wrapper.application; includeInIndex = 0; path = photoFrame.app; sourceTree = BUILT_PRODUCTS_DIR; };
		8B40538F28B6197800E6E776 /* AppDelegate.swift */ = {isa = PBXFileReference; lastKnownFileType = sourcecode.swift; path = AppDelegate.swift; sourceTree = "<group>"; };
		8B40539128B6197800E6E776 /* SceneDelegate.swift */ = {isa = PBXFileReference; lastKnownFileType = sourcecode.swift; path = SceneDelegate.swift; sourceTree = "<group>"; };
		8B40539328B6197800E6E776 /* StartViewController.swift */ = {isa = PBXFileReference; lastKnownFileType = sourcecode.swift; path = StartViewController.swift; sourceTree = "<group>"; };
		8B40539828B6197A00E6E776 /* Assets.xcassets */ = {isa = PBXFileReference; lastKnownFileType = folder.assetcatalog; path = Assets.xcassets; sourceTree = "<group>"; };
		8B40539B28B6197A00E6E776 /* Base */ = {isa = PBXFileReference; lastKnownFileType = file.storyboard; name = Base; path = Base.lproj/LaunchScreen.storyboard; sourceTree = "<group>"; };
		8B40539D28B6197A00E6E776 /* Info.plist */ = {isa = PBXFileReference; lastKnownFileType = text.plist.xml; path = Info.plist; sourceTree = "<group>"; };
		8B4053A528B6245A00E6E776 /* PresentationViewController.swift */ = {isa = PBXFileReference; lastKnownFileType = sourcecode.swift; path = PresentationViewController.swift; sourceTree = "<group>"; };
		8B4053A728B630DB00E6E776 /* PhotoCollectionViewCell.swift */ = {isa = PBXFileReference; lastKnownFileType = sourcecode.swift; path = PhotoCollectionViewCell.swift; sourceTree = "<group>"; };
		8B4053A928B631AB00E6E776 /* PhotoCollectionViewCellViewModel.swift */ = {isa = PBXFileReference; lastKnownFileType = sourcecode.swift; path = PhotoCollectionViewCellViewModel.swift; sourceTree = "<group>"; };
		8B4053AD28B6346D00E6E776 /* PresentationViewModel.swift */ = {isa = PBXFileReference; lastKnownFileType = sourcecode.swift; path = PresentationViewModel.swift; sourceTree = "<group>"; };
		8B4053AF28B635EF00E6E776 /* StartViewModel.swift */ = {isa = PBXFileReference; lastKnownFileType = sourcecode.swift; path = StartViewModel.swift; sourceTree = "<group>"; };
		8B4053B328B6695800E6E776 /* ImageStorage.swift */ = {isa = PBXFileReference; fileEncoding = 4; lastKnownFileType = sourcecode.swift; path = ImageStorage.swift; sourceTree = "<group>"; };
/* End PBXFileReference section */

/* Begin PBXFrameworksBuildPhase section */
		8B40538928B6197800E6E776 /* Frameworks */ = {
			isa = PBXFrameworksBuildPhase;
			buildActionMask = 2147483647;
			files = (
			);
			runOnlyForDeploymentPostprocessing = 0;
		};
/* End PBXFrameworksBuildPhase section */

/* Begin PBXGroup section */
		8B40538328B6197800E6E776 = {
			isa = PBXGroup;
			children = (
				8B40538E28B6197800E6E776 /* photoFrame */,
				8B40538D28B6197800E6E776 /* Products */,
			);
			sourceTree = "<group>";
		};
		8B40538D28B6197800E6E776 /* Products */ = {
			isa = PBXGroup;
			children = (
				8B40538C28B6197800E6E776 /* photoFrame.app */,
			);
			name = Products;
			sourceTree = "<group>";
		};
		8B40538E28B6197800E6E776 /* photoFrame */ = {
			isa = PBXGroup;
			children = (
				8B4053B328B6695800E6E776 /* ImageStorage.swift */,
				8B40538F28B6197800E6E776 /* AppDelegate.swift */,
				8B40539128B6197800E6E776 /* SceneDelegate.swift */,
				8B40539328B6197800E6E776 /* StartViewController.swift */,
				8B4053AF28B635EF00E6E776 /* StartViewModel.swift */,
				8B4053AC28B6345700E6E776 /* PresentationScreen */,
				8B4053AB28B6344200E6E776 /* PhotoCollectionViewCell */,
				8B40539828B6197A00E6E776 /* Assets.xcassets */,
				8B40539A28B6197A00E6E776 /* LaunchScreen.storyboard */,
				8B40539D28B6197A00E6E776 /* Info.plist */,
			);
			path = photoFrame;
			sourceTree = "<group>";
		};
		8B4053AB28B6344200E6E776 /* PhotoCollectionViewCell */ = {
			isa = PBXGroup;
			children = (
				8B4053A728B630DB00E6E776 /* PhotoCollectionViewCell.swift */,
				8B4053A928B631AB00E6E776 /* PhotoCollectionViewCellViewModel.swift */,
			);
			path = PhotoCollectionViewCell;
			sourceTree = "<group>";
		};
		8B4053AC28B6345700E6E776 /* PresentationScreen */ = {
			isa = PBXGroup;
			children = (
				8B4053A528B6245A00E6E776 /* PresentationViewController.swift */,
				8B4053AD28B6346D00E6E776 /* PresentationViewModel.swift */,
			);
			path = PresentationScreen;
			sourceTree = "<group>";
		};
/* End PBXGroup section */

/* Begin PBXNativeTarget section */
		8B40538B28B6197800E6E776 /* photoFrame */ = {
			isa = PBXNativeTarget;
			buildConfigurationList = 8B4053A028B6197A00E6E776 /* Build configuration list for PBXNativeTarget "photoFrame" */;
			buildPhases = (
				8B40538828B6197800E6E776 /* Sources */,
				8B40538928B6197800E6E776 /* Frameworks */,
				8B40538A28B6197800E6E776 /* Resources */,
			);
			buildRules = (
			);
			dependencies = (
			);
			name = photoFrame;
			productName = photoFrame;
			productReference = 8B40538C28B6197800E6E776 /* photoFrame.app */;
			productType = "com.apple.product-type.application";
		};
/* End PBXNativeTarget section */

/* Begin PBXProject section */
		8B40538428B6197800E6E776 /* Project object */ = {
			isa = PBXProject;
			attributes = {
				BuildIndependentTargetsInParallel = 1;
				LastSwiftUpdateCheck = 1340;
				LastUpgradeCheck = 1340;
				TargetAttributes = {
					8B40538B28B6197800E6E776 = {
						CreatedOnToolsVersion = 13.4.1;
					};
				};
			};
			buildConfigurationList = 8B40538728B6197800E6E776 /* Build configuration list for PBXProject "photoFrame" */;
			compatibilityVersion = "Xcode 13.0";
			developmentRegion = en;
			hasScannedForEncodings = 0;
			knownRegions = (
				en,
				Base,
			);
			mainGroup = 8B40538328B6197800E6E776;
			productRefGroup = 8B40538D28B6197800E6E776 /* Products */;
			projectDirPath = "";
			projectRoot = "";
			targets = (
				8B40538B28B6197800E6E776 /* photoFrame */,
			);
		};
/* End PBXProject section */

/* Begin PBXResourcesBuildPhase section */
		8B40538A28B6197800E6E776 /* Resources */ = {
			isa = PBXResourcesBuildPhase;
			buildActionMask = 2147483647;
			files = (
				8B40539C28B6197A00E6E776 /* LaunchScreen.storyboard in Resources */,
				8B40539928B6197A00E6E776 /* Assets.xcassets in Resources */,
			);
			runOnlyForDeploymentPostprocessing = 0;
		};
/* End PBXResourcesBuildPhase section */

/* Begin PBXSourcesBuildPhase section */
		8B40538828B6197800E6E776 /* Sources */ = {
			isa = PBXSourcesBuildPhase;
			buildActionMask = 2147483647;
			files = (
				8B4053A628B6245A00E6E776 /* PresentationViewController.swift in Sources */,
				8B4053B028B635EF00E6E776 /* StartViewModel.swift in Sources */,
				8B4053A828B630DB00E6E776 /* PhotoCollectionViewCell.swift in Sources */,
				8B40539428B6197800E6E776 /* StartViewController.swift in Sources */,
				8B40539028B6197800E6E776 /* AppDelegate.swift in Sources */,
				8B4053AE28B6346D00E6E776 /* PresentationViewModel.swift in Sources */,
				8B4053AA28B631AB00E6E776 /* PhotoCollectionViewCellViewModel.swift in Sources */,
				8B4053B428B6695800E6E776 /* ImageStorage.swift in Sources */,
				8B40539228B6197800E6E776 /* SceneDelegate.swift in Sources */,
			);
			runOnlyForDeploymentPostprocessing = 0;
		};
/* End PBXSourcesBuildPhase section */

/* Begin PBXVariantGroup section */
		8B40539A28B6197A00E6E776 /* LaunchScreen.storyboard */ = {
			isa = PBXVariantGroup;
			children = (
				8B40539B28B6197A00E6E776 /* Base */,
			);
			name = LaunchScreen.storyboard;
			sourceTree = "<group>";
		};
/* End PBXVariantGroup section */

/* Begin XCBuildConfiguration section */
		8B40539E28B6197A00E6E776 /* Debug */ = {
			isa = XCBuildConfiguration;
			buildSettings = {
				ALWAYS_SEARCH_USER_PATHS = NO;
				CLANG_ANALYZER_NONNULL = YES;
				CLANG_ANALYZER_NUMBER_OBJECT_CONVERSION = YES_AGGRESSIVE;
				CLANG_CXX_LANGUAGE_STANDARD = "gnu++17";
				CLANG_ENABLE_MODULES = YES;
				CLANG_ENABLE_OBJC_ARC = YES;
				CLANG_ENABLE_OBJC_WEAK = YES;
				CLANG_WARN_BLOCK_CAPTURE_AUTORELEASING = YES;
				CLANG_WARN_BOOL_CONVERSION = YES;
				CLANG_WARN_COMMA = YES;
				CLANG_WARN_CONSTANT_CONVERSION = YES;
				CLANG_WARN_DEPRECATED_OBJC_IMPLEMENTATIONS = YES;
				CLANG_WARN_DIRECT_OBJC_ISA_USAGE = YES_ERROR;
				CLANG_WARN_DOCUMENTATION_COMMENTS = YES;
				CLANG_WARN_EMPTY_BODY = YES;
				CLANG_WARN_ENUM_CONVERSION = YES;
				CLANG_WARN_INFINITE_RECURSION = YES;
				CLANG_WARN_INT_CONVERSION = YES;
				CLANG_WARN_NON_LITERAL_NULL_CONVERSION = YES;
				CLANG_WARN_OBJC_IMPLICIT_RETAIN_SELF = YES;
				CLANG_WARN_OBJC_LITERAL_CONVERSION = YES;
				CLANG_WARN_OBJC_ROOT_CLASS = YES_ERROR;
				CLANG_WARN_QUOTED_INCLUDE_IN_FRAMEWORK_HEADER = YES;
				CLANG_WARN_RANGE_LOOP_ANALYSIS = YES;
				CLANG_WARN_STRICT_PROTOTYPES = YES;
				CLANG_WARN_SUSPICIOUS_MOVE = YES;
				CLANG_WARN_UNGUARDED_AVAILABILITY = YES_AGGRESSIVE;
				CLANG_WARN_UNREACHABLE_CODE = YES;
				CLANG_WARN__DUPLICATE_METHOD_MATCH = YES;
				COPY_PHASE_STRIP = NO;
				DEBUG_INFORMATION_FORMAT = dwarf;
				ENABLE_STRICT_OBJC_MSGSEND = YES;
				ENABLE_TESTABILITY = YES;
				GCC_C_LANGUAGE_STANDARD = gnu11;
				GCC_DYNAMIC_NO_PIC = NO;
				GCC_NO_COMMON_BLOCKS = YES;
				GCC_OPTIMIZATION_LEVEL = 0;
				GCC_PREPROCESSOR_DEFINITIONS = (
					"DEBUG=1",
					"$(inherited)",
				);
				GCC_WARN_64_TO_32_BIT_CONVERSION = YES;
				GCC_WARN_ABOUT_RETURN_TYPE = YES_ERROR;
				GCC_WARN_UNDECLARED_SELECTOR = YES;
				GCC_WARN_UNINITIALIZED_AUTOS = YES_AGGRESSIVE;
				GCC_WARN_UNUSED_FUNCTION = YES;
				GCC_WARN_UNUSED_VARIABLE = YES;
				IPHONEOS_DEPLOYMENT_TARGET = 15.5;
				MTL_ENABLE_DEBUG_INFO = INCLUDE_SOURCE;
				MTL_FAST_MATH = YES;
				ONLY_ACTIVE_ARCH = YES;
				SDKROOT = iphoneos;
				SWIFT_ACTIVE_COMPILATION_CONDITIONS = DEBUG;
				SWIFT_OPTIMIZATION_LEVEL = "-Onone";
			};
			name = Debug;
		};
		8B40539F28B6197A00E6E776 /* Release */ = {
			isa = XCBuildConfiguration;
			buildSettings = {
				ALWAYS_SEARCH_USER_PATHS = NO;
				CLANG_ANALYZER_NONNULL = YES;
				CLANG_ANALYZER_NUMBER_OBJECT_CONVERSION = YES_AGGRESSIVE;
				CLANG_CXX_LANGUAGE_STANDARD = "gnu++17";
				CLANG_ENABLE_MODULES = YES;
				CLANG_ENABLE_OBJC_ARC = YES;
				CLANG_ENABLE_OBJC_WEAK = YES;
				CLANG_WARN_BLOCK_CAPTURE_AUTORELEASING = YES;
				CLANG_WARN_BOOL_CONVERSION = YES;
				CLANG_WARN_COMMA = YES;
				CLANG_WARN_CONSTANT_CONVERSION = YES;
				CLANG_WARN_DEPRECATED_OBJC_IMPLEMENTATIONS = YES;
				CLANG_WARN_DIRECT_OBJC_ISA_USAGE = YES_ERROR;
				CLANG_WARN_DOCUMENTATION_COMMENTS = YES;
				CLANG_WARN_EMPTY_BODY = YES;
				CLANG_WARN_ENUM_CONVERSION = YES;
				CLANG_WARN_INFINITE_RECURSION = YES;
				CLANG_WARN_INT_CONVERSION = YES;
				CLANG_WARN_NON_LITERAL_NULL_CONVERSION = YES;
				CLANG_WARN_OBJC_IMPLICIT_RETAIN_SELF = YES;
				CLANG_WARN_OBJC_LITERAL_CONVERSION = YES;
				CLANG_WARN_OBJC_ROOT_CLASS = YES_ERROR;
				CLANG_WARN_QUOTED_INCLUDE_IN_FRAMEWORK_HEADER = YES;
				CLANG_WARN_RANGE_LOOP_ANALYSIS = YES;
				CLANG_WARN_STRICT_PROTOTYPES = YES;
				CLANG_WARN_SUSPICIOUS_MOVE = YES;
				CLANG_WARN_UNGUARDED_AVAILABILITY = YES_AGGRESSIVE;
				CLANG_WARN_UNREACHABLE_CODE = YES;
				CLANG_WARN__DUPLICATE_METHOD_MATCH = YES;
				COPY_PHASE_STRIP = NO;
				DEBUG_INFORMATION_FORMAT = "dwarf-with-dsym";
				ENABLE_NS_ASSERTIONS = NO;
				ENABLE_STRICT_OBJC_MSGSEND = YES;
				GCC_C_LANGUAGE_STANDARD = gnu11;
				GCC_NO_COMMON_BLOCKS = YES;
				GCC_WARN_64_TO_32_BIT_CONVERSION = YES;
				GCC_WARN_ABOUT_RETURN_TYPE = YES_ERROR;
				GCC_WARN_UNDECLARED_SELECTOR = YES;
				GCC_WARN_UNINITIALIZED_AUTOS = YES_AGGRESSIVE;
				GCC_WARN_UNUSED_FUNCTION = YES;
				GCC_WARN_UNUSED_VARIABLE = YES;
				IPHONEOS_DEPLOYMENT_TARGET = 15.5;
				MTL_ENABLE_DEBUG_INFO = NO;
				MTL_FAST_MATH = YES;
				SDKROOT = iphoneos;
				SWIFT_COMPILATION_MODE = wholemodule;
				SWIFT_OPTIMIZATION_LEVEL = "-O";
				VALIDATE_PRODUCT = YES;
			};
			name = Release;
		};
		8B4053A128B6197A00E6E776 /* Debug */ = {
			isa = XCBuildConfiguration;
			buildSettings = {
				ASSETCATALOG_COMPILER_APPICON_NAME = AppIcon;
				ASSETCATALOG_COMPILER_GLOBAL_ACCENT_COLOR_NAME = AccentColor;
				CODE_SIGN_STYLE = Automatic;
				CURRENT_PROJECT_VERSION = 1;
				DEVELOPMENT_TEAM = 2DK6UP5TR4;
				GENERATE_INFOPLIST_FILE = YES;
				INFOPLIST_FILE = photoFrame/Info.plist;
				INFOPLIST_KEY_CFBundleDisplayName = PhotoFrame;
				INFOPLIST_KEY_NSPhotoLibraryUsageDescription = "We need access to load your photos";
				INFOPLIST_KEY_UIApplicationSupportsIndirectInputEvents = YES;
				INFOPLIST_KEY_UILaunchStoryboardName = LaunchScreen;
				INFOPLIST_KEY_UISupportedInterfaceOrientations = UIInterfaceOrientationPortrait;
				INFOPLIST_KEY_UISupportedInterfaceOrientations_iPad = "UIInterfaceOrientationPortrait UIInterfaceOrientationPortraitUpsideDown UIInterfaceOrientationLandscapeLeft UIInterfaceOrientationLandscapeRight";
				INFOPLIST_KEY_UISupportedInterfaceOrientations_iPhone = "UIInterfaceOrientationPortrait UIInterfaceOrientationLandscapeLeft UIInterfaceOrientationLandscapeRight";
				LD_RUNPATH_SEARCH_PATHS = (
					"$(inherited)",
					"@executable_path/Frameworks",
				);
				MARKETING_VERSION = 1.0;
				PRODUCT_BUNDLE_IDENTIFIER = StepanPotapovDev.photoFrame;
				PRODUCT_NAME = "$(TARGET_NAME)";
				SWIFT_EMIT_LOC_STRINGS = YES;
				SWIFT_VERSION = 5.0;
				TARGETED_DEVICE_FAMILY = 1;
			};
			name = Debug;
		};
		8B4053A228B6197A00E6E776 /* Release */ = {
			isa = XCBuildConfiguration;
			buildSettings = {
				ASSETCATALOG_COMPILER_APPICON_NAME = AppIcon;
				ASSETCATALOG_COMPILER_GLOBAL_ACCENT_COLOR_NAME = AccentColor;
				CODE_SIGN_STYLE = Automatic;
				CURRENT_PROJECT_VERSION = 1;
				DEVELOPMENT_TEAM = 2DK6UP5TR4;
				GENERATE_INFOPLIST_FILE = YES;
				INFOPLIST_FILE = photoFrame/Info.plist;
				INFOPLIST_KEY_CFBundleDisplayName = PhotoFrame;
				INFOPLIST_KEY_NSPhotoLibraryUsageDescription = "We need access to load your photos";
				INFOPLIST_KEY_UIApplicationSupportsIndirectInputEvents = YES;
				INFOPLIST_KEY_UILaunchStoryboardName = LaunchScreen;
				INFOPLIST_KEY_UISupportedInterfaceOrientations = UIInterfaceOrientationPortrait;
				INFOPLIST_KEY_UISupportedInterfaceOrientations_iPad = "UIInterfaceOrientationPortrait UIInterfaceOrientationPortraitUpsideDown UIInterfaceOrientationLandscapeLeft UIInterfaceOrientationLandscapeRight";
				INFOPLIST_KEY_UISupportedInterfaceOrientations_iPhone = "UIInterfaceOrientationPortrait UIInterfaceOrientationLandscapeLeft UIInterfaceOrientationLandscapeRight";
				LD_RUNPATH_SEARCH_PATHS = (
					"$(inherited)",
					"@executable_path/Frameworks",
				);
				MARKETING_VERSION = 1.0;
				PRODUCT_BUNDLE_IDENTIFIER = StepanPotapovDev.photoFrame;
				PRODUCT_NAME = "$(TARGET_NAME)";
				SWIFT_EMIT_LOC_STRINGS = YES;
				SWIFT_VERSION = 5.0;
				TARGETED_DEVICE_FAMILY = 1;
			};
			name = Release;
		};
/* End XCBuildConfiguration section */

/* Begin XCConfigurationList section */
		8B40538728B6197800E6E776 /* Build configuration list for PBXProject "photoFrame" */ = {
			isa = XCConfigurationList;
			buildConfigurations = (
				8B40539E28B6197A00E6E776 /* Debug */,
				8B40539F28B6197A00E6E776 /* Release */,
			);
			defaultConfigurationIsVisible = 0;
			defaultConfigurationName = Release;
		};
		8B4053A028B6197A00E6E776 /* Build configuration list for PBXNativeTarget "photoFrame" */ = {
			isa = XCConfigurationList;
			buildConfigurations = (
				8B4053A128B6197A00E6E776 /* Debug */,
				8B4053A228B6197A00E6E776 /* Release */,
			);
			defaultConfigurationIsVisible = 0;
			defaultConfigurationName = Release;
		};
/* End XCConfigurationList section */
	};
	rootObject = 8B40538428B6197800E6E776 /* Project object */;
}
